// !$*UTF8*$!
{
	archiveVersion = 1;
	classes = {
	};
	objectVersion = 50;
	objects = {

/* Begin PBXBuildFile section */
		C11FD857244B717800FF2ADD /* AppDelegate.swift in Sources */ = {isa = PBXBuildFile; fileRef = C11FD856244B717800FF2ADD /* AppDelegate.swift */; };
		C11FD859244B717800FF2ADD /* SceneDelegate.swift in Sources */ = {isa = PBXBuildFile; fileRef = C11FD858244B717800FF2ADD /* SceneDelegate.swift */; };
		C11FD85B244B717800FF2ADD /* ViewController.swift in Sources */ = {isa = PBXBuildFile; fileRef = C11FD85A244B717800FF2ADD /* ViewController.swift */; };
		C11FD85E244B717800FF2ADD /* Main.storyboard in Resources */ = {isa = PBXBuildFile; fileRef = C11FD85C244B717800FF2ADD /* Main.storyboard */; };
		C11FD861244B717800FF2ADD /* PruebaTecnica.xcdatamodeld in Sources */ = {isa = PBXBuildFile; fileRef = C11FD85F244B717800FF2ADD /* PruebaTecnica.xcdatamodeld */; };
		C11FD863244B717A00FF2ADD /* Assets.xcassets in Resources */ = {isa = PBXBuildFile; fileRef = C11FD862244B717A00FF2ADD /* Assets.xcassets */; };
		C11FD866244B717A00FF2ADD /* LaunchScreen.storyboard in Resources */ = {isa = PBXBuildFile; fileRef = C11FD864244B717A00FF2ADD /* LaunchScreen.storyboard */; };
		C11FD875244BA7AA00FF2ADD /* ViewControlerEX.swift in Sources */ = {isa = PBXBuildFile; fileRef = C11FD874244BA7AA00FF2ADD /* ViewControlerEX.swift */; };
		C11FD877244BB1E200FF2ADD /* ProductViewController.swift in Sources */ = {isa = PBXBuildFile; fileRef = C11FD876244BB1E200FF2ADD /* ProductViewController.swift */; };
		C11FD87B244BC12200FF2ADD /* API.swift in Sources */ = {isa = PBXBuildFile; fileRef = C11FD87A244BC12200FF2ADD /* API.swift */; };
		C11FD87F244BD38600FF2ADD /* ProductTableViewCell.swift in Sources */ = {isa = PBXBuildFile; fileRef = C11FD87E244BD38600FF2ADD /* ProductTableViewCell.swift */; };
		C11FD881244BD3F700FF2ADD /* HistorySearchViewController.swift in Sources */ = {isa = PBXBuildFile; fileRef = C11FD880244BD3F700FF2ADD /* HistorySearchViewController.swift */; };
		C11FD883244CB06000FF2ADD /* ProductModel.swift in Sources */ = {isa = PBXBuildFile; fileRef = C11FD882244CB06000FF2ADD /* ProductModel.swift */; };
		C11FD885244CC60F00FF2ADD /* SearchBarEx.swift in Sources */ = {isa = PBXBuildFile; fileRef = C11FD884244CC60F00FF2ADD /* SearchBarEx.swift */; };
/* End PBXBuildFile section */

/* Begin PBXFileReference section */
		C11FD853244B717800FF2ADD /* PruebaTecnica.app */ = {isa = PBXFileReference; explicitFileType = wrapper.application; includeInIndex = 0; path = PruebaTecnica.app; sourceTree = BUILT_PRODUCTS_DIR; };
		C11FD856244B717800FF2ADD /* AppDelegate.swift */ = {isa = PBXFileReference; lastKnownFileType = sourcecode.swift; path = AppDelegate.swift; sourceTree = "<group>"; };
		C11FD858244B717800FF2ADD /* SceneDelegate.swift */ = {isa = PBXFileReference; lastKnownFileType = sourcecode.swift; path = SceneDelegate.swift; sourceTree = "<group>"; };
		C11FD85A244B717800FF2ADD /* ViewController.swift */ = {isa = PBXFileReference; lastKnownFileType = sourcecode.swift; path = ViewController.swift; sourceTree = "<group>"; };
		C11FD85D244B717800FF2ADD /* Base */ = {isa = PBXFileReference; lastKnownFileType = file.storyboard; name = Base; path = Base.lproj/Main.storyboard; sourceTree = "<group>"; };
		C11FD860244B717800FF2ADD /* PruebaTecnica.xcdatamodel */ = {isa = PBXFileReference; lastKnownFileType = wrapper.xcdatamodel; path = PruebaTecnica.xcdatamodel; sourceTree = "<group>"; };
		C11FD862244B717A00FF2ADD /* Assets.xcassets */ = {isa = PBXFileReference; lastKnownFileType = folder.assetcatalog; path = Assets.xcassets; sourceTree = "<group>"; };
		C11FD865244B717A00FF2ADD /* Base */ = {isa = PBXFileReference; lastKnownFileType = file.storyboard; name = Base; path = Base.lproj/LaunchScreen.storyboard; sourceTree = "<group>"; };
		C11FD867244B717A00FF2ADD /* Info.plist */ = {isa = PBXFileReference; lastKnownFileType = text.plist.xml; path = Info.plist; sourceTree = "<group>"; };
		C11FD874244BA7AA00FF2ADD /* ViewControlerEX.swift */ = {isa = PBXFileReference; lastKnownFileType = sourcecode.swift; path = ViewControlerEX.swift; sourceTree = "<group>"; };
		C11FD876244BB1E200FF2ADD /* ProductViewController.swift */ = {isa = PBXFileReference; lastKnownFileType = sourcecode.swift; path = ProductViewController.swift; sourceTree = "<group>"; };
		C11FD87A244BC12200FF2ADD /* API.swift */ = {isa = PBXFileReference; lastKnownFileType = sourcecode.swift; path = API.swift; sourceTree = "<group>"; };
		C11FD87E244BD38600FF2ADD /* ProductTableViewCell.swift */ = {isa = PBXFileReference; fileEncoding = 4; lastKnownFileType = sourcecode.swift; path = ProductTableViewCell.swift; sourceTree = "<group>"; };
		C11FD880244BD3F700FF2ADD /* HistorySearchViewController.swift */ = {isa = PBXFileReference; lastKnownFileType = sourcecode.swift; path = HistorySearchViewController.swift; sourceTree = "<group>"; };
		C11FD882244CB06000FF2ADD /* ProductModel.swift */ = {isa = PBXFileReference; lastKnownFileType = sourcecode.swift; path = ProductModel.swift; sourceTree = "<group>"; };
		C11FD884244CC60F00FF2ADD /* SearchBarEx.swift */ = {isa = PBXFileReference; lastKnownFileType = sourcecode.swift; path = SearchBarEx.swift; sourceTree = "<group>"; };
/* End PBXFileReference section */

/* Begin PBXFrameworksBuildPhase section */
		C11FD850244B717800FF2ADD /* Frameworks */ = {
			isa = PBXFrameworksBuildPhase;
			buildActionMask = 2147483647;
			files = (
			);
			runOnlyForDeploymentPostprocessing = 0;
		};
/* End PBXFrameworksBuildPhase section */

/* Begin PBXGroup section */
		C11FD84A244B717800FF2ADD = {
			isa = PBXGroup;
			children = (
				C11FD855244B717800FF2ADD /* PruebaTecnica */,
				C11FD854244B717800FF2ADD /* Products */,
			);
			sourceTree = "<group>";
		};
		C11FD854244B717800FF2ADD /* Products */ = {
			isa = PBXGroup;
			children = (
				C11FD853244B717800FF2ADD /* PruebaTecnica.app */,
			);
			name = Products;
			sourceTree = "<group>";
		};
		C11FD855244B717800FF2ADD /* PruebaTecnica */ = {
			isa = PBXGroup;
			children = (
				C11FD879244BC10200FF2ADD /* Network */,
				C11FD878244BC0DD00FF2ADD /* Models */,
				C11FD873244BA78800FF2ADD /* Extensions */,
				C11FD86E244B719700FF2ADD /* view */,
				C11FD86D244B718800FF2ADD /* Controllers */,
				C11FD856244B717800FF2ADD /* AppDelegate.swift */,
				C11FD858244B717800FF2ADD /* SceneDelegate.swift */,
				C11FD862244B717A00FF2ADD /* Assets.xcassets */,
				C11FD867244B717A00FF2ADD /* Info.plist */,
				C11FD85F244B717800FF2ADD /* PruebaTecnica.xcdatamodeld */,
			);
			path = PruebaTecnica;
			sourceTree = "<group>";
		};
		C11FD86D244B718800FF2ADD /* Controllers */ = {
			isa = PBXGroup;
			children = (
				C11FD85A244B717800FF2ADD /* ViewController.swift */,
				C11FD87E244BD38600FF2ADD /* ProductTableViewCell.swift */,
				C11FD876244BB1E200FF2ADD /* ProductViewController.swift */,
				C11FD880244BD3F700FF2ADD /* HistorySearchViewController.swift */,
			);
			path = Controllers;
			sourceTree = "<group>";
		};
		C11FD86E244B719700FF2ADD /* view */ = {
			isa = PBXGroup;
			children = (
				C11FD85C244B717800FF2ADD /* Main.storyboard */,
				C11FD864244B717A00FF2ADD /* LaunchScreen.storyboard */,
			);
			path = view;
			sourceTree = "<group>";
		};
		C11FD873244BA78800FF2ADD /* Extensions */ = {
			isa = PBXGroup;
			children = (
				C11FD874244BA7AA00FF2ADD /* ViewControlerEX.swift */,
				C11FD884244CC60F00FF2ADD /* SearchBarEx.swift */,
			);
			path = Extensions;
			sourceTree = "<group>";
		};
		C11FD878244BC0DD00FF2ADD /* Models */ = {
			isa = PBXGroup;
			children = (
				C11FD882244CB06000FF2ADD /* ProductModel.swift */,
			);
			path = Models;
			sourceTree = "<group>";
		};
		C11FD879244BC10200FF2ADD /* Network */ = {
			isa = PBXGroup;
			children = (
				C11FD87A244BC12200FF2ADD /* API.swift */,
			);
			path = Network;
			sourceTree = "<group>";
		};
/* End PBXGroup section */

/* Begin PBXNativeTarget section */
		C11FD852244B717800FF2ADD /* PruebaTecnica */ = {
			isa = PBXNativeTarget;
			buildConfigurationList = C11FD86A244B717A00FF2ADD /* Build configuration list for PBXNativeTarget "PruebaTecnica" */;
			buildPhases = (
				C11FD84F244B717800FF2ADD /* Sources */,
				C11FD850244B717800FF2ADD /* Frameworks */,
				C11FD851244B717800FF2ADD /* Resources */,
			);
			buildRules = (
			);
			dependencies = (
			);
			name = PruebaTecnica;
			productName = PruebaTecnica;
			productReference = C11FD853244B717800FF2ADD /* PruebaTecnica.app */;
			productType = "com.apple.product-type.application";
		};
/* End PBXNativeTarget section */

/* Begin PBXProject section */
		C11FD84B244B717800FF2ADD /* Project object */ = {
			isa = PBXProject;
			attributes = {
				LastSwiftUpdateCheck = 1140;
				LastUpgradeCheck = 1140;
				ORGANIZATIONNAME = "Gerardo Castillo Duran ";
				TargetAttributes = {
					C11FD852244B717800FF2ADD = {
						CreatedOnToolsVersion = 11.4.1;
					};
				};
			};
			buildConfigurationList = C11FD84E244B717800FF2ADD /* Build configuration list for PBXProject "PruebaTecnica" */;
			compatibilityVersion = "Xcode 9.3";
			developmentRegion = en;
			hasScannedForEncodings = 0;
			knownRegions = (
				en,
				Base,
			);
			mainGroup = C11FD84A244B717800FF2ADD;
			productRefGroup = C11FD854244B717800FF2ADD /* Products */;
			projectDirPath = "";
			projectRoot = "";
			targets = (
				C11FD852244B717800FF2ADD /* PruebaTecnica */,
			);
		};
/* End PBXProject section */

/* Begin PBXResourcesBuildPhase section */
		C11FD851244B717800FF2ADD /* Resources */ = {
			isa = PBXResourcesBuildPhase;
			buildActionMask = 2147483647;
			files = (
				C11FD866244B717A00FF2ADD /* LaunchScreen.storyboard in Resources */,
				C11FD863244B717A00FF2ADD /* Assets.xcassets in Resources */,
				C11FD85E244B717800FF2ADD /* Main.storyboard in Resources */,
			);
			runOnlyForDeploymentPostprocessing = 0;
		};
/* End PBXResourcesBuildPhase section */

/* Begin PBXSourcesBuildPhase section */
		C11FD84F244B717800FF2ADD /* Sources */ = {
			isa = PBXSourcesBuildPhase;
			buildActionMask = 2147483647;
			files = (
				C11FD885244CC60F00FF2ADD /* SearchBarEx.swift in Sources */,
				C11FD861244B717800FF2ADD /* PruebaTecnica.xcdatamodeld in Sources */,
				C11FD85B244B717800FF2ADD /* ViewController.swift in Sources */,
				C11FD87F244BD38600FF2ADD /* ProductTableViewCell.swift in Sources */,
				C11FD875244BA7AA00FF2ADD /* ViewControlerEX.swift in Sources */,
				C11FD877244BB1E200FF2ADD /* ProductViewController.swift in Sources */,
				C11FD857244B717800FF2ADD /* AppDelegate.swift in Sources */,
				C11FD859244B717800FF2ADD /* SceneDelegate.swift in Sources */,
				C11FD883244CB06000FF2ADD /* ProductModel.swift in Sources */,
				C11FD87B244BC12200FF2ADD /* API.swift in Sources */,
				C11FD881244BD3F700FF2ADD /* HistorySearchViewController.swift in Sources */,
			);
			runOnlyForDeploymentPostprocessing = 0;
		};
/* End PBXSourcesBuildPhase section */

/* Begin PBXVariantGroup section */
		C11FD85C244B717800FF2ADD /* Main.storyboard */ = {
			isa = PBXVariantGroup;
			children = (
				C11FD85D244B717800FF2ADD /* Base */,
			);
			name = Main.storyboard;
			sourceTree = "<group>";
		};
		C11FD864244B717A00FF2ADD /* LaunchScreen.storyboard */ = {
			isa = PBXVariantGroup;
			children = (
				C11FD865244B717A00FF2ADD /* Base */,
			);
			name = LaunchScreen.storyboard;
			sourceTree = "<group>";
		};
/* End PBXVariantGroup section */

/* Begin XCBuildConfiguration section */
		C11FD868244B717A00FF2ADD /* Debug */ = {
			isa = XCBuildConfiguration;
			buildSettings = {
				ALWAYS_SEARCH_USER_PATHS = NO;
				CLANG_ANALYZER_NONNULL = YES;
				CLANG_ANALYZER_NUMBER_OBJECT_CONVERSION = YES_AGGRESSIVE;
				CLANG_CXX_LANGUAGE_STANDARD = "gnu++14";
				CLANG_CXX_LIBRARY = "libc++";
				CLANG_ENABLE_MODULES = YES;
				CLANG_ENABLE_OBJC_ARC = YES;
				CLANG_ENABLE_OBJC_WEAK = YES;
				CLANG_WARN_BLOCK_CAPTURE_AUTORELEASING = YES;
				CLANG_WARN_BOOL_CONVERSION = YES;
				CLANG_WARN_COMMA = YES;
				CLANG_WARN_CONSTANT_CONVERSION = YES;
				CLANG_WARN_DEPRECATED_OBJC_IMPLEMENTATIONS = YES;
				CLANG_WARN_DIRECT_OBJC_ISA_USAGE = YES_ERROR;
				CLANG_WARN_DOCUMENTATION_COMMENTS = YES;
				CLANG_WARN_EMPTY_BODY = YES;
				CLANG_WARN_ENUM_CONVERSION = YES;
				CLANG_WARN_INFINITE_RECURSION = YES;
				CLANG_WARN_INT_CONVERSION = YES;
				CLANG_WARN_NON_LITERAL_NULL_CONVERSION = YES;
				CLANG_WARN_OBJC_IMPLICIT_RETAIN_SELF = YES;
				CLANG_WARN_OBJC_LITERAL_CONVERSION = YES;
				CLANG_WARN_OBJC_ROOT_CLASS = YES_ERROR;
				CLANG_WARN_RANGE_LOOP_ANALYSIS = YES;
				CLANG_WARN_STRICT_PROTOTYPES = YES;
				CLANG_WARN_SUSPICIOUS_MOVE = YES;
				CLANG_WARN_UNGUARDED_AVAILABILITY = YES_AGGRESSIVE;
				CLANG_WARN_UNREACHABLE_CODE = YES;
				CLANG_WARN__DUPLICATE_METHOD_MATCH = YES;
				COPY_PHASE_STRIP = NO;
				DEBUG_INFORMATION_FORMAT = dwarf;
				ENABLE_STRICT_OBJC_MSGSEND = YES;
				ENABLE_TESTABILITY = YES;
				GCC_C_LANGUAGE_STANDARD = gnu11;
				GCC_DYNAMIC_NO_PIC = NO;
				GCC_NO_COMMON_BLOCKS = YES;
				GCC_OPTIMIZATION_LEVEL = 0;
				GCC_PREPROCESSOR_DEFINITIONS = (
					"DEBUG=1",
					"$(inherited)",
				);
				GCC_WARN_64_TO_32_BIT_CONVERSION = YES;
				GCC_WARN_ABOUT_RETURN_TYPE = YES_ERROR;
				GCC_WARN_UNDECLARED_SELECTOR = YES;
				GCC_WARN_UNINITIALIZED_AUTOS = YES_AGGRESSIVE;
				GCC_WARN_UNUSED_FUNCTION = YES;
				GCC_WARN_UNUSED_VARIABLE = YES;
				IPHONEOS_DEPLOYMENT_TARGET = 13.4;
				MTL_ENABLE_DEBUG_INFO = INCLUDE_SOURCE;
				MTL_FAST_MATH = YES;
				ONLY_ACTIVE_ARCH = YES;
				SDKROOT = iphoneos;
				SWIFT_ACTIVE_COMPILATION_CONDITIONS = DEBUG;
				SWIFT_OPTIMIZATION_LEVEL = "-Onone";
			};
			name = Debug;
		};
		C11FD869244B717A00FF2ADD /* Release */ = {
			isa = XCBuildConfiguration;
			buildSettings = {
				ALWAYS_SEARCH_USER_PATHS = NO;
				CLANG_ANALYZER_NONNULL = YES;
				CLANG_ANALYZER_NUMBER_OBJECT_CONVERSION = YES_AGGRESSIVE;
				CLANG_CXX_LANGUAGE_STANDARD = "gnu++14";
				CLANG_CXX_LIBRARY = "libc++";
				CLANG_ENABLE_MODULES = YES;
				CLANG_ENABLE_OBJC_ARC = YES;
				CLANG_ENABLE_OBJC_WEAK = YES;
				CLANG_WARN_BLOCK_CAPTURE_AUTORELEASING = YES;
				CLANG_WARN_BOOL_CONVERSION = YES;
				CLANG_WARN_COMMA = YES;
				CLANG_WARN_CONSTANT_CONVERSION = YES;
				CLANG_WARN_DEPRECATED_OBJC_IMPLEMENTATIONS = YES;
				CLANG_WARN_DIRECT_OBJC_ISA_USAGE = YES_ERROR;
				CLANG_WARN_DOCUMENTATION_COMMENTS = YES;
				CLANG_WARN_EMPTY_BODY = YES;
				CLANG_WARN_ENUM_CONVERSION = YES;
				CLANG_WARN_INFINITE_RECURSION = YES;
				CLANG_WARN_INT_CONVERSION = YES;
				CLANG_WARN_NON_LITERAL_NULL_CONVERSION = YES;
				CLANG_WARN_OBJC_IMPLICIT_RETAIN_SELF = YES;
				CLANG_WARN_OBJC_LITERAL_CONVERSION = YES;
				CLANG_WARN_OBJC_ROOT_CLASS = YES_ERROR;
				CLANG_WARN_RANGE_LOOP_ANALYSIS = YES;
				CLANG_WARN_STRICT_PROTOTYPES = YES;
				CLANG_WARN_SUSPICIOUS_MOVE = YES;
				CLANG_WARN_UNGUARDED_AVAILABILITY = YES_AGGRESSIVE;
				CLANG_WARN_UNREACHABLE_CODE = YES;
				CLANG_WARN__DUPLICATE_METHOD_MATCH = YES;
				COPY_PHASE_STRIP = NO;
				DEBUG_INFORMATION_FORMAT = "dwarf-with-dsym";
				ENABLE_NS_ASSERTIONS = NO;
				ENABLE_STRICT_OBJC_MSGSEND = YES;
				GCC_C_LANGUAGE_STANDARD = gnu11;
				GCC_NO_COMMON_BLOCKS = YES;
				GCC_WARN_64_TO_32_BIT_CONVERSION = YES;
				GCC_WARN_ABOUT_RETURN_TYPE = YES_ERROR;
				GCC_WARN_UNDECLARED_SELECTOR = YES;
				GCC_WARN_UNINITIALIZED_AUTOS = YES_AGGRESSIVE;
				GCC_WARN_UNUSED_FUNCTION = YES;
				GCC_WARN_UNUSED_VARIABLE = YES;
				IPHONEOS_DEPLOYMENT_TARGET = 13.4;
				MTL_ENABLE_DEBUG_INFO = NO;
				MTL_FAST_MATH = YES;
				SDKROOT = iphoneos;
				SWIFT_COMPILATION_MODE = wholemodule;
				SWIFT_OPTIMIZATION_LEVEL = "-O";
				VALIDATE_PRODUCT = YES;
			};
			name = Release;
		};
		C11FD86B244B717A00FF2ADD /* Debug */ = {
			isa = XCBuildConfiguration;
			buildSettings = {
				ASSETCATALOG_COMPILER_APPICON_NAME = AppIcon;
				CODE_SIGN_STYLE = Automatic;
				DEVELOPMENT_TEAM = D9SG3FWUA9;
				INFOPLIST_FILE = PruebaTecnica/Info.plist;
				IPHONEOS_DEPLOYMENT_TARGET = 13.1;
				LD_RUNPATH_SEARCH_PATHS = (
					"$(inherited)",
					"@executable_path/Frameworks",
				);
				PRODUCT_BUNDLE_IDENTIFIER = com.gcdhome.PruebaTecnica;
				PRODUCT_NAME = "$(TARGET_NAME)";
				SWIFT_VERSION = 5.0;
				TARGETED_DEVICE_FAMILY = 1;
			};
			name = Debug;
		};
		C11FD86C244B717A00FF2ADD /* Release */ = {
			isa = XCBuildConfiguration;
			buildSettings = {
				ASSETCATALOG_COMPILER_APPICON_NAME = AppIcon;
				CODE_SIGN_STYLE = Automatic;
				DEVELOPMENT_TEAM = D9SG3FWUA9;
				INFOPLIST_FILE = PruebaTecnica/Info.plist;
				IPHONEOS_DEPLOYMENT_TARGET = 13.1;
				LD_RUNPATH_SEARCH_PATHS = (
					"$(inherited)",
					"@executable_path/Frameworks",
				);
				PRODUCT_BUNDLE_IDENTIFIER = com.gcdhome.PruebaTecnica;
				PRODUCT_NAME = "$(TARGET_NAME)";
				SWIFT_VERSION = 5.0;
				TARGETED_DEVICE_FAMILY = 1;
			};
			name = Release;
		};
/* End XCBuildConfiguration section */

/* Begin XCConfigurationList section */
		C11FD84E244B717800FF2ADD /* Build configuration list for PBXProject "PruebaTecnica" */ = {
			isa = XCConfigurationList;
			buildConfigurations = (
				C11FD868244B717A00FF2ADD /* Debug */,
				C11FD869244B717A00FF2ADD /* Release */,
			);
			defaultConfigurationIsVisible = 0;
			defaultConfigurationName = Release;
		};
		C11FD86A244B717A00FF2ADD /* Build configuration list for PBXNativeTarget "PruebaTecnica" */ = {
			isa = XCConfigurationList;
			buildConfigurations = (
				C11FD86B244B717A00FF2ADD /* Debug */,
				C11FD86C244B717A00FF2ADD /* Release */,
			);
			defaultConfigurationIsVisible = 0;
			defaultConfigurationName = Release;
		};
/* End XCConfigurationList section */

/* Begin XCVersionGroup section */
		C11FD85F244B717800FF2ADD /* PruebaTecnica.xcdatamodeld */ = {
			isa = XCVersionGroup;
			children = (
				C11FD860244B717800FF2ADD /* PruebaTecnica.xcdatamodel */,
			);
			currentVersion = C11FD860244B717800FF2ADD /* PruebaTecnica.xcdatamodel */;
			path = PruebaTecnica.xcdatamodeld;
			sourceTree = "<group>";
			versionGroupType = wrapper.xcdatamodel;
		};
/* End XCVersionGroup section */
	};
	rootObject = C11FD84B244B717800FF2ADD /* Project object */;
}
